
Microsoft Visual Studio Solution File, Format Version 12.00
# Visual Studio Version 16
VisualStudioVersion = 16.0.31624.102
MinimumVisualStudioVersion = 10.0.40219.1
Project("{FAE04EC0-301F-11D3-BF4B-00C04F79EFBC}") = "Pre.WebApplication", "src\Pre.WebApplication\Pre.WebApplication.csproj", "{966C6329-0DEF-450B-A93E-F65815884E88}"
EndProject
Global
	GlobalSection(SolutionConfigurationPlatforms) = preSolution
		Debug|Any CPU = Debug|Any CPU
		Release|Any CPU = Release|Any CPU
	EndGlobalSection
	GlobalSection(ProjectConfigurationPlatforms) = postSolution
		{966C6329-0DEF-450B-A93E-F65815884E88}.Debug|Any CPU.ActiveCfg = Debug|Any CPU
		{966C6329-0DEF-450B-A93E-F65815884E88}.Debug|Any CPU.Build.0 = Debug|Any CPU
		{966C6329-0DEF-450B-A93E-F65815884E88}.Release|Any CPU.ActiveCfg = Release|Any CPU
		{966C6329-0DEF-450B-A93E-F65815884E88}.Release|Any CPU.Build.0 = Release|Any CPU
	EndGlobalSection
	GlobalSection(SolutionProperties) = preSolution
		HideSolutionNode = FALSE
	EndGlobalSection
	GlobalSection(ExtensibilityGlobals) = postSolution
		SolutionGuid = {BAF1ED4D-706A-4B39-97E2-F84AD84399AE}
	EndGlobalSection
EndGlobal
